// !$*UTF8*$!
{
	archiveVersion = 1;
	classes = {
	};
	objectVersion = 46;
	objects = {

/* Begin PBXBuildFile section */
		F9A5502918B225470050EB76 /* MovieMe.m in Sources */ = {isa = PBXBuildFile; fileRef = F9A5502818B225470050EB76 /* MovieMe.m */; };
		F9A5502B18B22F970050EB76 /* AVFoundation.framework in Frameworks */ = {isa = PBXBuildFile; fileRef = F9A5502A18B22F970050EB76 /* AVFoundation.framework */; };
		F9A66A9C18B63DF800873C57 /* garota1.png in Resources */ = {isa = PBXBuildFile; fileRef = F9A66A9418B63DF800873C57 /* garota1.png */; };
		F9A66A9D18B63DF800873C57 /* garota2.png in Resources */ = {isa = PBXBuildFile; fileRef = F9A66A9518B63DF800873C57 /* garota2.png */; };
		F9A66A9E18B63DF800873C57 /* garota3.png in Resources */ = {isa = PBXBuildFile; fileRef = F9A66A9618B63DF800873C57 /* garota3.png */; };
		F9A66A9F18B63DF800873C57 /* garota4.png in Resources */ = {isa = PBXBuildFile; fileRef = F9A66A9718B63DF800873C57 /* garota4.png */; };
		F9A66AA018B63DF800873C57 /* garota5.png in Resources */ = {isa = PBXBuildFile; fileRef = F9A66A9818B63DF800873C57 /* garota5.png */; };
		F9A66AA118B63DF800873C57 /* garota6.png in Resources */ = {isa = PBXBuildFile; fileRef = F9A66A9918B63DF800873C57 /* garota6.png */; };
		F9A66AA218B63DF800873C57 /* garota7.png in Resources */ = {isa = PBXBuildFile; fileRef = F9A66A9A18B63DF800873C57 /* garota7.png */; };
		F9A66AA318B63DF800873C57 /* garota8.png in Resources */ = {isa = PBXBuildFile; fileRef = F9A66A9B18B63DF800873C57 /* garota8.png */; };
		F9C531EF18AD3F9A00FD4CB8 /* Foundation.framework in Frameworks */ = {isa = PBXBuildFile; fileRef = F9C531EE18AD3F9A00FD4CB8 /* Foundation.framework */; };
		F9C531F118AD3F9A00FD4CB8 /* CoreGraphics.framework in Frameworks */ = {isa = PBXBuildFile; fileRef = F9C531F018AD3F9A00FD4CB8 /* CoreGraphics.framework */; };
		F9C531F318AD3F9A00FD4CB8 /* UIKit.framework in Frameworks */ = {isa = PBXBuildFile; fileRef = F9C531F218AD3F9A00FD4CB8 /* UIKit.framework */; };
		F9C531F918AD3F9A00FD4CB8 /* InfoPlist.strings in Resources */ = {isa = PBXBuildFile; fileRef = F9C531F718AD3F9A00FD4CB8 /* InfoPlist.strings */; };
		F9C531FB18AD3F9A00FD4CB8 /* main.m in Sources */ = {isa = PBXBuildFile; fileRef = F9C531FA18AD3F9A00FD4CB8 /* main.m */; };
		F9C531FF18AD3F9A00FD4CB8 /* AppDelegate.m in Sources */ = {isa = PBXBuildFile; fileRef = F9C531FE18AD3F9A00FD4CB8 /* AppDelegate.m */; };
		F9C5320218AD3F9A00FD4CB8 /* Main_iPhone.storyboard in Resources */ = {isa = PBXBuildFile; fileRef = F9C5320018AD3F9A00FD4CB8 /* Main_iPhone.storyboard */; };
		F9C5320518AD3F9A00FD4CB8 /* Main_iPad.storyboard in Resources */ = {isa = PBXBuildFile; fileRef = F9C5320318AD3F9A00FD4CB8 /* Main_iPad.storyboard */; };
		F9C5320818AD3F9A00FD4CB8 /* ViewController.m in Sources */ = {isa = PBXBuildFile; fileRef = F9C5320718AD3F9A00FD4CB8 /* ViewController.m */; };
		F9C5320A18AD3F9A00FD4CB8 /* Images.xcassets in Resources */ = {isa = PBXBuildFile; fileRef = F9C5320918AD3F9A00FD4CB8 /* Images.xcassets */; };
		F9C5321118AD3F9A00FD4CB8 /* XCTest.framework in Frameworks */ = {isa = PBXBuildFile; fileRef = F9C5321018AD3F9A00FD4CB8 /* XCTest.framework */; };
		F9C5321218AD3F9A00FD4CB8 /* Foundation.framework in Frameworks */ = {isa = PBXBuildFile; fileRef = F9C531EE18AD3F9A00FD4CB8 /* Foundation.framework */; };
		F9C5321318AD3F9A00FD4CB8 /* UIKit.framework in Frameworks */ = {isa = PBXBuildFile; fileRef = F9C531F218AD3F9A00FD4CB8 /* UIKit.framework */; };
		F9C5321B18AD3F9A00FD4CB8 /* InfoPlist.strings in Resources */ = {isa = PBXBuildFile; fileRef = F9C5321918AD3F9A00FD4CB8 /* InfoPlist.strings */; };
		F9C5321D18AD3F9A00FD4CB8 /* Stop_MotionTests.m in Sources */ = {isa = PBXBuildFile; fileRef = F9C5321C18AD3F9A00FD4CB8 /* Stop_MotionTests.m */; };
/* End PBXBuildFile section */

/* Begin PBXContainerItemProxy section */
		F9C5321418AD3F9A00FD4CB8 /* PBXContainerItemProxy */ = {
			isa = PBXContainerItemProxy;
			containerPortal = F9C531E318AD3F9A00FD4CB8 /* Project object */;
			proxyType = 1;
			remoteGlobalIDString = F9C531EA18AD3F9A00FD4CB8;
			remoteInfo = "Stop Motion";
		};
/* End PBXContainerItemProxy section */

/* Begin PBXFileReference section */
		F902DFD218B4D00400486394 /* QuickLook.framework */ = {isa = PBXFileReference; lastKnownFileType = wrapper.framework; name = QuickLook.framework; path = System/Library/Frameworks/QuickLook.framework; sourceTree = SDKROOT; };
		F9A5502718B225470050EB76 /* MovieMe.h */ = {isa = PBXFileReference; fileEncoding = 4; lastKnownFileType = sourcecode.c.h; path = MovieMe.h; sourceTree = "<group>"; };
		F9A5502818B225470050EB76 /* MovieMe.m */ = {isa = PBXFileReference; fileEncoding = 4; lastKnownFileType = sourcecode.c.objc; path = MovieMe.m; sourceTree = "<group>"; };
		F9A5502A18B22F970050EB76 /* AVFoundation.framework */ = {isa = PBXFileReference; lastKnownFileType = wrapper.framework; name = AVFoundation.framework; path = System/Library/Frameworks/AVFoundation.framework; sourceTree = SDKROOT; };
		F9A66A9418B63DF800873C57 /* garota1.png */ = {isa = PBXFileReference; lastKnownFileType = image.png; path = garota1.png; sourceTree = "<group>"; };
		F9A66A9518B63DF800873C57 /* garota2.png */ = {isa = PBXFileReference; lastKnownFileType = image.png; path = garota2.png; sourceTree = "<group>"; };
		F9A66A9618B63DF800873C57 /* garota3.png */ = {isa = PBXFileReference; lastKnownFileType = image.png; path = garota3.png; sourceTree = "<group>"; };
		F9A66A9718B63DF800873C57 /* garota4.png */ = {isa = PBXFileReference; lastKnownFileType = image.png; path = garota4.png; sourceTree = "<group>"; };
		F9A66A9818B63DF800873C57 /* garota5.png */ = {isa = PBXFileReference; lastKnownFileType = image.png; path = garota5.png; sourceTree = "<group>"; };
		F9A66A9918B63DF800873C57 /* garota6.png */ = {isa = PBXFileReference; lastKnownFileType = image.png; path = garota6.png; sourceTree = "<group>"; };
		F9A66A9A18B63DF800873C57 /* garota7.png */ = {isa = PBXFileReference; lastKnownFileType = image.png; path = garota7.png; sourceTree = "<group>"; };
		F9A66A9B18B63DF800873C57 /* garota8.png */ = {isa = PBXFileReference; lastKnownFileType = image.png; path = garota8.png; sourceTree = "<group>"; };
		F9C531EB18AD3F9A00FD4CB8 /* Stop Motion.app */ = {isa = PBXFileReference; explicitFileType = wrapper.application; includeInIndex = 0; path = "Stop Motion.app"; sourceTree = BUILT_PRODUCTS_DIR; };
		F9C531EE18AD3F9A00FD4CB8 /* Foundation.framework */ = {isa = PBXFileReference; lastKnownFileType = wrapper.framework; name = Foundation.framework; path = System/Library/Frameworks/Foundation.framework; sourceTree = SDKROOT; };
		F9C531F018AD3F9A00FD4CB8 /* CoreGraphics.framework */ = {isa = PBXFileReference; lastKnownFileType = wrapper.framework; name = CoreGraphics.framework; path = System/Library/Frameworks/CoreGraphics.framework; sourceTree = SDKROOT; };
		F9C531F218AD3F9A00FD4CB8 /* UIKit.framework */ = {isa = PBXFileReference; lastKnownFileType = wrapper.framework; name = UIKit.framework; path = System/Library/Frameworks/UIKit.framework; sourceTree = SDKROOT; };
		F9C531F618AD3F9A00FD4CB8 /* Stop Motion-Info.plist */ = {isa = PBXFileReference; lastKnownFileType = text.plist.xml; path = "Stop Motion-Info.plist"; sourceTree = "<group>"; };
		F9C531F818AD3F9A00FD4CB8 /* en */ = {isa = PBXFileReference; lastKnownFileType = text.plist.strings; name = en; path = en.lproj/InfoPlist.strings; sourceTree = "<group>"; };
		F9C531FA18AD3F9A00FD4CB8 /* main.m */ = {isa = PBXFileReference; lastKnownFileType = sourcecode.c.objc; path = main.m; sourceTree = "<group>"; };
		F9C531FC18AD3F9A00FD4CB8 /* Stop Motion-Prefix.pch */ = {isa = PBXFileReference; lastKnownFileType = sourcecode.c.h; path = "Stop Motion-Prefix.pch"; sourceTree = "<group>"; };
		F9C531FD18AD3F9A00FD4CB8 /* AppDelegate.h */ = {isa = PBXFileReference; lastKnownFileType = sourcecode.c.h; path = AppDelegate.h; sourceTree = "<group>"; };
		F9C531FE18AD3F9A00FD4CB8 /* AppDelegate.m */ = {isa = PBXFileReference; lastKnownFileType = sourcecode.c.objc; path = AppDelegate.m; sourceTree = "<group>"; };
		F9C5320118AD3F9A00FD4CB8 /* Base */ = {isa = PBXFileReference; lastKnownFileType = file.storyboard; name = Base; path = Base.lproj/Main_iPhone.storyboard; sourceTree = "<group>"; };
		F9C5320418AD3F9A00FD4CB8 /* Base */ = {isa = PBXFileReference; lastKnownFileType = file.storyboard; name = Base; path = Base.lproj/Main_iPad.storyboard; sourceTree = "<group>"; };
		F9C5320618AD3F9A00FD4CB8 /* ViewController.h */ = {isa = PBXFileReference; lastKnownFileType = sourcecode.c.h; path = ViewController.h; sourceTree = "<group>"; };
		F9C5320718AD3F9A00FD4CB8 /* ViewController.m */ = {isa = PBXFileReference; lastKnownFileType = sourcecode.c.objc; path = ViewController.m; sourceTree = "<group>"; };
		F9C5320918AD3F9A00FD4CB8 /* Images.xcassets */ = {isa = PBXFileReference; lastKnownFileType = folder.assetcatalog; path = Images.xcassets; sourceTree = "<group>"; };
		F9C5320F18AD3F9A00FD4CB8 /* Stop MotionTests.xctest */ = {isa = PBXFileReference; explicitFileType = wrapper.cfbundle; includeInIndex = 0; path = "Stop MotionTests.xctest"; sourceTree = BUILT_PRODUCTS_DIR; };
		F9C5321018AD3F9A00FD4CB8 /* XCTest.framework */ = {isa = PBXFileReference; lastKnownFileType = wrapper.framework; name = XCTest.framework; path = Library/Frameworks/XCTest.framework; sourceTree = DEVELOPER_DIR; };
		F9C5321818AD3F9A00FD4CB8 /* Stop MotionTests-Info.plist */ = {isa = PBXFileReference; lastKnownFileType = text.plist.xml; path = "Stop MotionTests-Info.plist"; sourceTree = "<group>"; };
		F9C5321A18AD3F9A00FD4CB8 /* en */ = {isa = PBXFileReference; lastKnownFileType = text.plist.strings; name = en; path = en.lproj/InfoPlist.strings; sourceTree = "<group>"; };
		F9C5321C18AD3F9A00FD4CB8 /* Stop_MotionTests.m */ = {isa = PBXFileReference; lastKnownFileType = sourcecode.c.objc; path = Stop_MotionTests.m; sourceTree = "<group>"; };
/* End PBXFileReference section */

/* Begin PBXFrameworksBuildPhase section */
		F9C531E818AD3F9A00FD4CB8 /* Frameworks */ = {
			isa = PBXFrameworksBuildPhase;
			buildActionMask = 2147483647;
			files = (
				F9A5502B18B22F970050EB76 /* AVFoundation.framework in Frameworks */,
				F9C531F118AD3F9A00FD4CB8 /* CoreGraphics.framework in Frameworks */,
				F9C531F318AD3F9A00FD4CB8 /* UIKit.framework in Frameworks */,
				F9C531EF18AD3F9A00FD4CB8 /* Foundation.framework in Frameworks */,
			);
			runOnlyForDeploymentPostprocessing = 0;
		};
		F9C5320C18AD3F9A00FD4CB8 /* Frameworks */ = {
			isa = PBXFrameworksBuildPhase;
			buildActionMask = 2147483647;
			files = (
				F9C5321118AD3F9A00FD4CB8 /* XCTest.framework in Frameworks */,
				F9C5321318AD3F9A00FD4CB8 /* UIKit.framework in Frameworks */,
				F9C5321218AD3F9A00FD4CB8 /* Foundation.framework in Frameworks */,
			);
			runOnlyForDeploymentPostprocessing = 0;
		};
/* End PBXFrameworksBuildPhase section */

/* Begin PBXGroup section */
		F9C531E218AD3F9A00FD4CB8 = {
			isa = PBXGroup;
			children = (
				F9C531F418AD3F9A00FD4CB8 /* Stop Motion */,
				F9C5321618AD3F9A00FD4CB8 /* Stop MotionTests */,
				F9C531ED18AD3F9A00FD4CB8 /* Frameworks */,
				F9C531EC18AD3F9A00FD4CB8 /* Products */,
			);
			sourceTree = "<group>";
		};
		F9C531EC18AD3F9A00FD4CB8 /* Products */ = {
			isa = PBXGroup;
			children = (
				F9C531EB18AD3F9A00FD4CB8 /* Stop Motion.app */,
				F9C5320F18AD3F9A00FD4CB8 /* Stop MotionTests.xctest */,
			);
			name = Products;
			sourceTree = "<group>";
		};
		F9C531ED18AD3F9A00FD4CB8 /* Frameworks */ = {
			isa = PBXGroup;
			children = (
				F902DFD218B4D00400486394 /* QuickLook.framework */,
				F9A5502A18B22F970050EB76 /* AVFoundation.framework */,
				F9C531EE18AD3F9A00FD4CB8 /* Foundation.framework */,
				F9C531F018AD3F9A00FD4CB8 /* CoreGraphics.framework */,
				F9C531F218AD3F9A00FD4CB8 /* UIKit.framework */,
				F9C5321018AD3F9A00FD4CB8 /* XCTest.framework */,
			);
			name = Frameworks;
			sourceTree = "<group>";
		};
		F9C531F418AD3F9A00FD4CB8 /* Stop Motion */ = {
			isa = PBXGroup;
			children = (
				F9C531FD18AD3F9A00FD4CB8 /* AppDelegate.h */,
				F9C531FE18AD3F9A00FD4CB8 /* AppDelegate.m */,
				F9C5320018AD3F9A00FD4CB8 /* Main_iPhone.storyboard */,
				F9C5320318AD3F9A00FD4CB8 /* Main_iPad.storyboard */,
				F9C5320618AD3F9A00FD4CB8 /* ViewController.h */,
				F9C5320718AD3F9A00FD4CB8 /* ViewController.m */,
				F9A5502718B225470050EB76 /* MovieMe.h */,
				F9A5502818B225470050EB76 /* MovieMe.m */,
				F9C5320918AD3F9A00FD4CB8 /* Images.xcassets */,
				F9C5329618AD43DC00FD4CB8 /* images */,
				F9C531F518AD3F9A00FD4CB8 /* Supporting Files */,
			);
			path = "Stop Motion";
			sourceTree = "<group>";
		};
		F9C531F518AD3F9A00FD4CB8 /* Supporting Files */ = {
			isa = PBXGroup;
			children = (
				F9C531F618AD3F9A00FD4CB8 /* Stop Motion-Info.plist */,
				F9C531F718AD3F9A00FD4CB8 /* InfoPlist.strings */,
				F9C531FA18AD3F9A00FD4CB8 /* main.m */,
				F9C531FC18AD3F9A00FD4CB8 /* Stop Motion-Prefix.pch */,
			);
			name = "Supporting Files";
			sourceTree = "<group>";
		};
		F9C5321618AD3F9A00FD4CB8 /* Stop MotionTests */ = {
			isa = PBXGroup;
			children = (
				F9C5321C18AD3F9A00FD4CB8 /* Stop_MotionTests.m */,
				F9C5321718AD3F9A00FD4CB8 /* Supporting Files */,
			);
			path = "Stop MotionTests";
			sourceTree = "<group>";
		};
		F9C5321718AD3F9A00FD4CB8 /* Supporting Files */ = {
			isa = PBXGroup;
			children = (
				F9C5321818AD3F9A00FD4CB8 /* Stop MotionTests-Info.plist */,
				F9C5321918AD3F9A00FD4CB8 /* InfoPlist.strings */,
			);
			name = "Supporting Files";
			sourceTree = "<group>";
		};
		F9C5329618AD43DC00FD4CB8 /* images */ = {
			isa = PBXGroup;
			children = (
				F9A66A9418B63DF800873C57 /* garota1.png */,
				F9A66A9518B63DF800873C57 /* garota2.png */,
				F9A66A9618B63DF800873C57 /* garota3.png */,
				F9A66A9718B63DF800873C57 /* garota4.png */,
				F9A66A9818B63DF800873C57 /* garota5.png */,
				F9A66A9918B63DF800873C57 /* garota6.png */,
				F9A66A9A18B63DF800873C57 /* garota7.png */,
				F9A66A9B18B63DF800873C57 /* garota8.png */,
			);
			name = images;
			sourceTree = "<group>";
		};
/* End PBXGroup section */

/* Begin PBXNativeTarget section */
		F9C531EA18AD3F9A00FD4CB8 /* Stop Motion */ = {
			isa = PBXNativeTarget;
			buildConfigurationList = F9C5322018AD3F9A00FD4CB8 /* Build configuration list for PBXNativeTarget "Stop Motion" */;
			buildPhases = (
				F9C531E718AD3F9A00FD4CB8 /* Sources */,
				F9C531E818AD3F9A00FD4CB8 /* Frameworks */,
				F9C531E918AD3F9A00FD4CB8 /* Resources */,
			);
			buildRules = (
			);
			dependencies = (
			);
			name = "Stop Motion";
			productName = "Stop Motion";
			productReference = F9C531EB18AD3F9A00FD4CB8 /* Stop Motion.app */;
			productType = "com.apple.product-type.application";
		};
		F9C5320E18AD3F9A00FD4CB8 /* Stop MotionTests */ = {
			isa = PBXNativeTarget;
			buildConfigurationList = F9C5322318AD3F9A00FD4CB8 /* Build configuration list for PBXNativeTarget "Stop MotionTests" */;
			buildPhases = (
				F9C5320B18AD3F9A00FD4CB8 /* Sources */,
				F9C5320C18AD3F9A00FD4CB8 /* Frameworks */,
				F9C5320D18AD3F9A00FD4CB8 /* Resources */,
			);
			buildRules = (
			);
			dependencies = (
				F9C5321518AD3F9A00FD4CB8 /* PBXTargetDependency */,
			);
			name = "Stop MotionTests";
			productName = "Stop MotionTests";
			productReference = F9C5320F18AD3F9A00FD4CB8 /* Stop MotionTests.xctest */;
			productType = "com.apple.product-type.bundle.unit-test";
		};
/* End PBXNativeTarget section */

/* Begin PBXProject section */
		F9C531E318AD3F9A00FD4CB8 /* Project object */ = {
			isa = PBXProject;
			attributes = {
				LastUpgradeCheck = 0500;
				ORGANIZATIONNAME = "Bruno Vargas";
				TargetAttributes = {
					F9C531EA18AD3F9A00FD4CB8 = {
						DevelopmentTeam = QA77ZT3CQL;
					};
					F9C5320E18AD3F9A00FD4CB8 = {
						TestTargetID = F9C531EA18AD3F9A00FD4CB8;
					};
				};
			};
			buildConfigurationList = F9C531E618AD3F9A00FD4CB8 /* Build configuration list for PBXProject "Stop Motion" */;
			compatibilityVersion = "Xcode 3.2";
			developmentRegion = English;
			hasScannedForEncodings = 0;
			knownRegions = (
				en,
				Base,
			);
			mainGroup = F9C531E218AD3F9A00FD4CB8;
			productRefGroup = F9C531EC18AD3F9A00FD4CB8 /* Products */;
			projectDirPath = "";
			projectRoot = "";
			targets = (
				F9C531EA18AD3F9A00FD4CB8 /* Stop Motion */,
				F9C5320E18AD3F9A00FD4CB8 /* Stop MotionTests */,
			);
		};
/* End PBXProject section */

/* Begin PBXResourcesBuildPhase section */
		F9C531E918AD3F9A00FD4CB8 /* Resources */ = {
			isa = PBXResourcesBuildPhase;
			buildActionMask = 2147483647;
			files = (
				F9A66AA318B63DF800873C57 /* garota8.png in Resources */,
				F9A66AA118B63DF800873C57 /* garota6.png in Resources */,
				F9A66A9F18B63DF800873C57 /* garota4.png in Resources */,
				F9A66AA218B63DF800873C57 /* garota7.png in Resources */,
				F9A66A9D18B63DF800873C57 /* garota2.png in Resources */,
				F9A66A9C18B63DF800873C57 /* garota1.png in Resources */,
				F9C5320518AD3F9A00FD4CB8 /* Main_iPad.storyboard in Resources */,
				F9C5320A18AD3F9A00FD4CB8 /* Images.xcassets in Resources */,
				F9C5320218AD3F9A00FD4CB8 /* Main_iPhone.storyboard in Resources */,
				F9A66AA018B63DF800873C57 /* garota5.png in Resources */,
				F9A66A9E18B63DF800873C57 /* garota3.png in Resources */,
				F9C531F918AD3F9A00FD4CB8 /* InfoPlist.strings in Resources */,
			);
			runOnlyForDeploymentPostprocessing = 0;
		};
		F9C5320D18AD3F9A00FD4CB8 /* Resources */ = {
			isa = PBXResourcesBuildPhase;
			buildActionMask = 2147483647;
			files = (
				F9C5321B18AD3F9A00FD4CB8 /* InfoPlist.strings in Resources */,
			);
			runOnlyForDeploymentPostprocessing = 0;
		};
/* End PBXResourcesBuildPhase section */

/* Begin PBXSourcesBuildPhase section */
		F9C531E718AD3F9A00FD4CB8 /* Sources */ = {
			isa = PBXSourcesBuildPhase;
			buildActionMask = 2147483647;
			files = (
				F9C5320818AD3F9A00FD4CB8 /* ViewController.m in Sources */,
				F9C531FF18AD3F9A00FD4CB8 /* AppDelegate.m in Sources */,
				F9A5502918B225470050EB76 /* MovieMe.m in Sources */,
				F9C531FB18AD3F9A00FD4CB8 /* main.m in Sources */,
			);
			runOnlyForDeploymentPostprocessing = 0;
		};
		F9C5320B18AD3F9A00FD4CB8 /* Sources */ = {
			isa = PBXSourcesBuildPhase;
			buildActionMask = 2147483647;
			files = (
				F9C5321D18AD3F9A00FD4CB8 /* Stop_MotionTests.m in Sources */,
			);
			runOnlyForDeploymentPostprocessing = 0;
		};
/* End PBXSourcesBuildPhase section */

/* Begin PBXTargetDependency section */
		F9C5321518AD3F9A00FD4CB8 /* PBXTargetDependency */ = {
			isa = PBXTargetDependency;
			target = F9C531EA18AD3F9A00FD4CB8 /* Stop Motion */;
			targetProxy = F9C5321418AD3F9A00FD4CB8 /* PBXContainerItemProxy */;
		};
/* End PBXTargetDependency section */

/* Begin PBXVariantGroup section */
		F9C531F718AD3F9A00FD4CB8 /* InfoPlist.strings */ = {
			isa = PBXVariantGroup;
			children = (
				F9C531F818AD3F9A00FD4CB8 /* en */,
			);
			name = InfoPlist.strings;
			sourceTree = "<group>";
		};
		F9C5320018AD3F9A00FD4CB8 /* Main_iPhone.storyboard */ = {
			isa = PBXVariantGroup;
			children = (
				F9C5320118AD3F9A00FD4CB8 /* Base */,
			);
			name = Main_iPhone.storyboard;
			sourceTree = "<group>";
		};
		F9C5320318AD3F9A00FD4CB8 /* Main_iPad.storyboard */ = {
			isa = PBXVariantGroup;
			children = (
				F9C5320418AD3F9A00FD4CB8 /* Base */,
			);
			name = Main_iPad.storyboard;
			sourceTree = "<group>";
		};
		F9C5321918AD3F9A00FD4CB8 /* InfoPlist.strings */ = {
			isa = PBXVariantGroup;
			children = (
				F9C5321A18AD3F9A00FD4CB8 /* en */,
			);
			name = InfoPlist.strings;
			sourceTree = "<group>";
		};
/* End PBXVariantGroup section */

/* Begin XCBuildConfiguration section */
		F9C5321E18AD3F9A00FD4CB8 /* Debug */ = {
			isa = XCBuildConfiguration;
			buildSettings = {
				ALWAYS_SEARCH_USER_PATHS = NO;
				ARCHS = "$(ARCHS_STANDARD_INCLUDING_64_BIT)";
				CLANG_CXX_LANGUAGE_STANDARD = "gnu++0x";
				CLANG_CXX_LIBRARY = "libc++";
				CLANG_ENABLE_MODULES = YES;
				CLANG_ENABLE_OBJC_ARC = YES;
				CLANG_WARN_BOOL_CONVERSION = YES;
				CLANG_WARN_CONSTANT_CONVERSION = YES;
				CLANG_WARN_DIRECT_OBJC_ISA_USAGE = YES_ERROR;
				CLANG_WARN_EMPTY_BODY = YES;
				CLANG_WARN_ENUM_CONVERSION = YES;
				CLANG_WARN_INT_CONVERSION = YES;
				CLANG_WARN_OBJC_ROOT_CLASS = YES_ERROR;
				CLANG_WARN__DUPLICATE_METHOD_MATCH = YES;
				"CODE_SIGN_IDENTITY[sdk=iphoneos*]" = "iPhone Developer";
				COPY_PHASE_STRIP = NO;
				GCC_C_LANGUAGE_STANDARD = gnu99;
				GCC_DYNAMIC_NO_PIC = NO;
				GCC_OPTIMIZATION_LEVEL = 0;
				GCC_PREPROCESSOR_DEFINITIONS = (
					"DEBUG=1",
					"$(inherited)",
				);
				GCC_SYMBOLS_PRIVATE_EXTERN = NO;
				GCC_WARN_64_TO_32_BIT_CONVERSION = YES;
				GCC_WARN_ABOUT_RETURN_TYPE = YES_ERROR;
				GCC_WARN_UNDECLARED_SELECTOR = YES;
				GCC_WARN_UNINITIALIZED_AUTOS = YES;
				GCC_WARN_UNUSED_FUNCTION = YES;
				GCC_WARN_UNUSED_VARIABLE = YES;
				IPHONEOS_DEPLOYMENT_TARGET = 7.0;
				ONLY_ACTIVE_ARCH = YES;
				SDKROOT = iphoneos;
				TARGETED_DEVICE_FAMILY = "1,2";
			};
			name = Debug;
		};
		F9C5321F18AD3F9A00FD4CB8 /* Release */ = {
			isa = XCBuildConfiguration;
			buildSettings = {
				ALWAYS_SEARCH_USER_PATHS = NO;
				ARCHS = "$(ARCHS_STANDARD_INCLUDING_64_BIT)";
				CLANG_CXX_LANGUAGE_STANDARD = "gnu++0x";
				CLANG_CXX_LIBRARY = "libc++";
				CLANG_ENABLE_MODULES = YES;
				CLANG_ENABLE_OBJC_ARC = YES;
				CLANG_WARN_BOOL_CONVERSION = YES;
				CLANG_WARN_CONSTANT_CONVERSION = YES;
				CLANG_WARN_DIRECT_OBJC_ISA_USAGE = YES_ERROR;
				CLANG_WARN_EMPTY_BODY = YES;
				CLANG_WARN_ENUM_CONVERSION = YES;
				CLANG_WARN_INT_CONVERSION = YES;
				CLANG_WARN_OBJC_ROOT_CLASS = YES_ERROR;
				CLANG_WARN__DUPLICATE_METHOD_MATCH = YES;
				"CODE_SIGN_IDENTITY[sdk=iphoneos*]" = "iPhone Developer";
				COPY_PHASE_STRIP = YES;
				ENABLE_NS_ASSERTIONS = NO;
				GCC_C_LANGUAGE_STANDARD = gnu99;
				GCC_WARN_64_TO_32_BIT_CONVERSION = YES;
				GCC_WARN_ABOUT_RETURN_TYPE = YES_ERROR;
				GCC_WARN_UNDECLARED_SELECTOR = YES;
				GCC_WARN_UNINITIALIZED_AUTOS = YES;
				GCC_WARN_UNUSED_FUNCTION = YES;
				GCC_WARN_UNUSED_VARIABLE = YES;
				IPHONEOS_DEPLOYMENT_TARGET = 7.0;
				SDKROOT = iphoneos;
				TARGETED_DEVICE_FAMILY = "1,2";
				VALIDATE_PRODUCT = YES;
			};
			name = Release;
		};
		F9C5322118AD3F9A00FD4CB8 /* Debug */ = {
			isa = XCBuildConfiguration;
			buildSettings = {
				ASSETCATALOG_COMPILER_APPICON_NAME = AppIcon;
				ASSETCATALOG_COMPILER_LAUNCHIMAGE_NAME = LaunchImage;
				CODE_SIGN_IDENTITY = "iPhone Developer";
				GCC_PRECOMPILE_PREFIX_HEADER = YES;
				GCC_PREFIX_HEADER = "Stop Motion/Stop Motion-Prefix.pch";
				INFOPLIST_FILE = "Stop Motion/Stop Motion-Info.plist";
				PRODUCT_NAME = "$(TARGET_NAME)";
				WRAPPER_EXTENSION = app;
			};
			name = Debug;
		};
		F9C5322218AD3F9A00FD4CB8 /* Release */ = {
			isa = XCBuildConfiguration;
			buildSettings = {
				ASSETCATALOG_COMPILER_APPICON_NAME = AppIcon;
				ASSETCATALOG_COMPILER_LAUNCHIMAGE_NAME = LaunchImage;
				CODE_SIGN_IDENTITY = "iPhone Developer";
				GCC_PRECOMPILE_PREFIX_HEADER = YES;
				GCC_PREFIX_HEADER = "Stop Motion/Stop Motion-Prefix.pch";
				INFOPLIST_FILE = "Stop Motion/Stop Motion-Info.plist";
				PRODUCT_NAME = "$(TARGET_NAME)";
				WRAPPER_EXTENSION = app;
			};
			name = Release;
		};
		F9C5322418AD3F9A00FD4CB8 /* Debug */ = {
			isa = XCBuildConfiguration;
			buildSettings = {
				ARCHS = "$(ARCHS_STANDARD_INCLUDING_64_BIT)";
				BUNDLE_LOADER = "$(BUILT_PRODUCTS_DIR)/Stop Motion.app/Stop Motion";
				FRAMEWORK_SEARCH_PATHS = (
					"$(SDKROOT)/Developer/Library/Frameworks",
					"$(inherited)",
					"$(DEVELOPER_FRAMEWORKS_DIR)",
				);
				GCC_PRECOMPILE_PREFIX_HEADER = YES;
				GCC_PREFIX_HEADER = "Stop Motion/Stop Motion-Prefix.pch";
				GCC_PREPROCESSOR_DEFINITIONS = (
					"DEBUG=1",
					"$(inherited)",
				);
				INFOPLIST_FILE = "Stop MotionTests/Stop MotionTests-Info.plist";
				PRODUCT_NAME = "$(TARGET_NAME)";
				TEST_HOST = "$(BUNDLE_LOADER)";
				WRAPPER_EXTENSION = xctest;
			};
			name = Debug;
		};
		F9C5322518AD3F9A00FD4CB8 /* Release */ = {
			isa = XCBuildConfiguration;
			buildSettings = {
				ARCHS = "$(ARCHS_STANDARD_INCLUDING_64_BIT)";
				BUNDLE_LOADER = "$(BUILT_PRODUCTS_DIR)/Stop Motion.app/Stop Motion";
				FRAMEWORK_SEARCH_PATHS = (
					"$(SDKROOT)/Developer/Library/Frameworks",
					"$(inherited)",
					"$(DEVELOPER_FRAMEWORKS_DIR)",
				);
				GCC_PRECOMPILE_PREFIX_HEADER = YES;
				GCC_PREFIX_HEADER = "Stop Motion/Stop Motion-Prefix.pch";
				INFOPLIST_FILE = "Stop MotionTests/Stop MotionTests-Info.plist";
				PRODUCT_NAME = "$(TARGET_NAME)";
				TEST_HOST = "$(BUNDLE_LOADER)";
				WRAPPER_EXTENSION = xctest;
			};
			name = Release;
		};
/* End XCBuildConfiguration section */

/* Begin XCConfigurationList section */
		F9C531E618AD3F9A00FD4CB8 /* Build configuration list for PBXProject "Stop Motion" */ = {
			isa = XCConfigurationList;
			buildConfigurations = (
				F9C5321E18AD3F9A00FD4CB8 /* Debug */,
				F9C5321F18AD3F9A00FD4CB8 /* Release */,
			);
			defaultConfigurationIsVisible = 0;
			defaultConfigurationName = Release;
		};
		F9C5322018AD3F9A00FD4CB8 /* Build configuration list for PBXNativeTarget "Stop Motion" */ = {
			isa = XCConfigurationList;
			buildConfigurations = (
				F9C5322118AD3F9A00FD4CB8 /* Debug */,
				F9C5322218AD3F9A00FD4CB8 /* Release */,
			);
			defaultConfigurationIsVisible = 0;
			defaultConfigurationName = Release;
		};
		F9C5322318AD3F9A00FD4CB8 /* Build configuration list for PBXNativeTarget "Stop MotionTests" */ = {
			isa = XCConfigurationList;
			buildConfigurations = (
				F9C5322418AD3F9A00FD4CB8 /* Debug */,
				F9C5322518AD3F9A00FD4CB8 /* Release */,
			);
			defaultConfigurationIsVisible = 0;
			defaultConfigurationName = Release;
		};
/* End XCConfigurationList section */
	};
	rootObject = F9C531E318AD3F9A00FD4CB8 /* Project object */;
}
